// !$*UTF8*$!
{
	archiveVersion = 1;
	classes = {
	};
	objectVersion = 50;
	objects = {

/* Begin PBXBuildFile section */
		69DC0E19269D904100F4F542 /* AppDelegate.swift in Sources */ = {isa = PBXBuildFile; fileRef = 69DC0E18269D904100F4F542 /* AppDelegate.swift */; };
		69DC0E1B269D904100F4F542 /* SceneDelegate.swift in Sources */ = {isa = PBXBuildFile; fileRef = 69DC0E1A269D904100F4F542 /* SceneDelegate.swift */; };
		69DC0E1D269D904100F4F542 /* ConversationsViewController.swift in Sources */ = {isa = PBXBuildFile; fileRef = 69DC0E1C269D904100F4F542 /* ConversationsViewController.swift */; };
		69DC0E20269D904100F4F542 /* Main.storyboard in Resources */ = {isa = PBXBuildFile; fileRef = 69DC0E1E269D904100F4F542 /* Main.storyboard */; };
		69DC0E22269D904500F4F542 /* Assets.xcassets in Resources */ = {isa = PBXBuildFile; fileRef = 69DC0E21269D904500F4F542 /* Assets.xcassets */; };
		69DC0E25269D904500F4F542 /* LaunchScreen.storyboard in Resources */ = {isa = PBXBuildFile; fileRef = 69DC0E23269D904500F4F542 /* LaunchScreen.storyboard */; };
		69DC0E33269D944100F4F542 /* LoginViewController.swift in Sources */ = {isa = PBXBuildFile; fileRef = 69DC0E32269D944100F4F542 /* LoginViewController.swift */; };
		69DC0E35269D945D00F4F542 /* RegisterViewController.swift in Sources */ = {isa = PBXBuildFile; fileRef = 69DC0E34269D945D00F4F542 /* RegisterViewController.swift */; };
		69DC0E37269D962900F4F542 /* PhotoViewerViewController.swift in Sources */ = {isa = PBXBuildFile; fileRef = 69DC0E36269D962900F4F542 /* PhotoViewerViewController.swift */; };
		69DC0E39269D963100F4F542 /* VideoPlayerViewController.swift in Sources */ = {isa = PBXBuildFile; fileRef = 69DC0E38269D963100F4F542 /* VideoPlayerViewController.swift */; };
		69DC0E3B269D966300F4F542 /* NewConversationViewController.swift in Sources */ = {isa = PBXBuildFile; fileRef = 69DC0E3A269D966300F4F542 /* NewConversationViewController.swift */; };
		69DC0E3D269D968A00F4F542 /* ProfileViewController.swift in Sources */ = {isa = PBXBuildFile; fileRef = 69DC0E3C269D968A00F4F542 /* ProfileViewController.swift */; };
		69DC0E40269DA63300F4F542 /* Extensions.swift in Sources */ = {isa = PBXBuildFile; fileRef = 69DC0E3F269DA63300F4F542 /* Extensions.swift */; };
		69DC0E42269E1CD600F4F542 /* GoogleService-Info.plist in Resources */ = {isa = PBXBuildFile; fileRef = 69DC0E41269E1CD600F4F542 /* GoogleService-Info.plist */; };
		69DC0E44269ED19300F4F542 /* DatabaseManager.swift in Sources */ = {isa = PBXBuildFile; fileRef = 69DC0E43269ED19300F4F542 /* DatabaseManager.swift */; };
		AF7F1871BAA8E2B54137136C /* libPods-Messenger.a in Frameworks */ = {isa = PBXBuildFile; fileRef = 66989297F3636A827C152899 /* libPods-Messenger.a */; };
/* End PBXBuildFile section */

/* Begin PBXFileReference section */
		66989297F3636A827C152899 /* libPods-Messenger.a */ = {isa = PBXFileReference; explicitFileType = archive.ar; includeInIndex = 0; path = "libPods-Messenger.a"; sourceTree = BUILT_PRODUCTS_DIR; };
		69DC0E15269D904100F4F542 /* Messenger.app */ = {isa = PBXFileReference; explicitFileType = wrapper.application; includeInIndex = 0; path = Messenger.app; sourceTree = BUILT_PRODUCTS_DIR; };
		69DC0E18269D904100F4F542 /* AppDelegate.swift */ = {isa = PBXFileReference; lastKnownFileType = sourcecode.swift; path = AppDelegate.swift; sourceTree = "<group>"; };
		69DC0E1A269D904100F4F542 /* SceneDelegate.swift */ = {isa = PBXFileReference; lastKnownFileType = sourcecode.swift; path = SceneDelegate.swift; sourceTree = "<group>"; };
		69DC0E1C269D904100F4F542 /* ConversationsViewController.swift */ = {isa = PBXFileReference; lastKnownFileType = sourcecode.swift; path = ConversationsViewController.swift; sourceTree = "<group>"; };
		69DC0E1F269D904100F4F542 /* Base */ = {isa = PBXFileReference; lastKnownFileType = file.storyboard; name = Base; path = Base.lproj/Main.storyboard; sourceTree = "<group>"; };
		69DC0E21269D904500F4F542 /* Assets.xcassets */ = {isa = PBXFileReference; lastKnownFileType = folder.assetcatalog; path = Assets.xcassets; sourceTree = "<group>"; };
		69DC0E24269D904500F4F542 /* Base */ = {isa = PBXFileReference; lastKnownFileType = file.storyboard; name = Base; path = Base.lproj/LaunchScreen.storyboard; sourceTree = "<group>"; };
		69DC0E26269D904500F4F542 /* Info.plist */ = {isa = PBXFileReference; lastKnownFileType = text.plist.xml; path = Info.plist; sourceTree = "<group>"; };
		69DC0E32269D944100F4F542 /* LoginViewController.swift */ = {isa = PBXFileReference; lastKnownFileType = sourcecode.swift; path = LoginViewController.swift; sourceTree = "<group>"; };
		69DC0E34269D945D00F4F542 /* RegisterViewController.swift */ = {isa = PBXFileReference; lastKnownFileType = sourcecode.swift; path = RegisterViewController.swift; sourceTree = "<group>"; };
		69DC0E36269D962900F4F542 /* PhotoViewerViewController.swift */ = {isa = PBXFileReference; lastKnownFileType = sourcecode.swift; path = PhotoViewerViewController.swift; sourceTree = "<group>"; };
		69DC0E38269D963100F4F542 /* VideoPlayerViewController.swift */ = {isa = PBXFileReference; lastKnownFileType = sourcecode.swift; path = VideoPlayerViewController.swift; sourceTree = "<group>"; };
		69DC0E3A269D966300F4F542 /* NewConversationViewController.swift */ = {isa = PBXFileReference; lastKnownFileType = sourcecode.swift; path = NewConversationViewController.swift; sourceTree = "<group>"; };
		69DC0E3C269D968A00F4F542 /* ProfileViewController.swift */ = {isa = PBXFileReference; lastKnownFileType = sourcecode.swift; path = ProfileViewController.swift; sourceTree = "<group>"; };
		69DC0E3F269DA63300F4F542 /* Extensions.swift */ = {isa = PBXFileReference; lastKnownFileType = sourcecode.swift; name = Extensions.swift; path = ../../../../../../../Extensions.swift; sourceTree = "<group>"; };
		69DC0E41269E1CD600F4F542 /* GoogleService-Info.plist */ = {isa = PBXFileReference; fileEncoding = 4; lastKnownFileType = text.plist.xml; path = "GoogleService-Info.plist"; sourceTree = "<group>"; };
		69DC0E43269ED19300F4F542 /* DatabaseManager.swift */ = {isa = PBXFileReference; lastKnownFileType = sourcecode.swift; name = DatabaseManager.swift; path = ../../../../../../../DatabaseManager.swift; sourceTree = "<group>"; };
		6A3C82D35838B6E563F46FE4 /* Pods-Messenger.debug.xcconfig */ = {isa = PBXFileReference; includeInIndex = 1; lastKnownFileType = text.xcconfig; name = "Pods-Messenger.debug.xcconfig"; path = "Target Support Files/Pods-Messenger/Pods-Messenger.debug.xcconfig"; sourceTree = "<group>"; };
		6ECF8E93DE49FC0AC9701016 /* Pods-Messenger.release.xcconfig */ = {isa = PBXFileReference; includeInIndex = 1; lastKnownFileType = text.xcconfig; name = "Pods-Messenger.release.xcconfig"; path = "Target Support Files/Pods-Messenger/Pods-Messenger.release.xcconfig"; sourceTree = "<group>"; };
/* End PBXFileReference section */

/* Begin PBXFrameworksBuildPhase section */
		69DC0E12269D904100F4F542 /* Frameworks */ = {
			isa = PBXFrameworksBuildPhase;
			buildActionMask = 2147483647;
			files = (
				AF7F1871BAA8E2B54137136C /* libPods-Messenger.a in Frameworks */,
			);
			runOnlyForDeploymentPostprocessing = 0;
		};
/* End PBXFrameworksBuildPhase section */

/* Begin PBXGroup section */
		69DC0E0C269D904100F4F542 = {
			isa = PBXGroup;
			children = (
				69DC0E17269D904100F4F542 /* Messenger */,
				B27547F6E4DAB50B92845067 /* Pods */,
				79C4B03D312036901836CD73 /* Frameworks */,
			);
			sourceTree = "<group>";
		};
		69DC0E16269D904100F4F542 /* Products */ = {
			isa = PBXGroup;
			children = (
				69DC0E15269D904100F4F542 /* Messenger.app */,
			);
			name = Products;
			path = ..;
			sourceTree = "<group>";
		};
		69DC0E17269D904100F4F542 /* Messenger */ = {
			isa = PBXGroup;
			children = (
				69DC0E41269E1CD600F4F542 /* GoogleService-Info.plist */,
				69DC0E30269D91EE00F4F542 /* Resources */,
				69DC0E2F269D91DF00F4F542 /* ViewsModels */,
				69DC0E2E269D91C300F4F542 /* Models */,
				69DC0E2D269D91BA00F4F542 /* Views */,
				69DC0E2C269D91B100F4F542 /* Controllers */,
				69DC0E16269D904100F4F542 /* Products */,
			);
			path = Messenger;
			sourceTree = "<group>";
		};
		69DC0E2C269D91B100F4F542 /* Controllers */ = {
			isa = PBXGroup;
			children = (
				69DC0E1C269D904100F4F542 /* ConversationsViewController.swift */,
				69DC0E3E269D99DC00F4F542 /* Login */,
				69DC0E36269D962900F4F542 /* PhotoViewerViewController.swift */,
				69DC0E38269D963100F4F542 /* VideoPlayerViewController.swift */,
				69DC0E3A269D966300F4F542 /* NewConversationViewController.swift */,
				69DC0E3C269D968A00F4F542 /* ProfileViewController.swift */,
				69DC0E26269D904500F4F542 /* Info.plist */,
			);
			path = Controllers;
			sourceTree = "<group>";
		};
		69DC0E2D269D91BA00F4F542 /* Views */ = {
			isa = PBXGroup;
			children = (
				69DC0E31269D925300F4F542 /* Storyboards */,
				69DC0E21269D904500F4F542 /* Assets.xcassets */,
			);
			path = Views;
			sourceTree = "<group>";
		};
		69DC0E2E269D91C300F4F542 /* Models */ = {
			isa = PBXGroup;
			children = (
			);
			path = Models;
			sourceTree = "<group>";
		};
		69DC0E2F269D91DF00F4F542 /* ViewsModels */ = {
			isa = PBXGroup;
			children = (
			);
			path = ViewsModels;
			sourceTree = "<group>";
		};
		69DC0E30269D91EE00F4F542 /* Resources */ = {
			isa = PBXGroup;
			children = (
				69DC0E18269D904100F4F542 /* AppDelegate.swift */,
				69DC0E1A269D904100F4F542 /* SceneDelegate.swift */,
				69DC0E3F269DA63300F4F542 /* Extensions.swift */,
				69DC0E43269ED19300F4F542 /* DatabaseManager.swift */,
			);
			path = Resources;
			sourceTree = "<group>";
		};
		69DC0E31269D925300F4F542 /* Storyboards */ = {
			isa = PBXGroup;
			children = (
				69DC0E1E269D904100F4F542 /* Main.storyboard */,
				69DC0E23269D904500F4F542 /* LaunchScreen.storyboard */,
			);
			path = Storyboards;
			sourceTree = "<group>";
		};
		69DC0E3E269D99DC00F4F542 /* Login */ = {
			isa = PBXGroup;
			children = (
				69DC0E32269D944100F4F542 /* LoginViewController.swift */,
				69DC0E34269D945D00F4F542 /* RegisterViewController.swift */,
			);
			path = Login;
			sourceTree = "<group>";
		};
		79C4B03D312036901836CD73 /* Frameworks */ = {
			isa = PBXGroup;
			children = (
				66989297F3636A827C152899 /* libPods-Messenger.a */,
			);
			name = Frameworks;
			sourceTree = "<group>";
		};
		B27547F6E4DAB50B92845067 /* Pods */ = {
			isa = PBXGroup;
			children = (
				6A3C82D35838B6E563F46FE4 /* Pods-Messenger.debug.xcconfig */,
				6ECF8E93DE49FC0AC9701016 /* Pods-Messenger.release.xcconfig */,
			);
			path = Pods;
			sourceTree = "<group>";
		};
/* End PBXGroup section */

/* Begin PBXNativeTarget section */
		69DC0E14269D904100F4F542 /* Messenger */ = {
			isa = PBXNativeTarget;
			buildConfigurationList = 69DC0E29269D904500F4F542 /* Build configuration list for PBXNativeTarget "Messenger" */;
			buildPhases = (
				ABA517C5B032A37842E26F99 /* [CP] Check Pods Manifest.lock */,
				69DC0E11269D904100F4F542 /* Sources */,
				69DC0E12269D904100F4F542 /* Frameworks */,
				69DC0E13269D904100F4F542 /* Resources */,
			);
			buildRules = (
			);
			dependencies = (
			);
			name = Messenger;
			productName = Messenger;
			productReference = 69DC0E15269D904100F4F542 /* Messenger.app */;
			productType = "com.apple.product-type.application";
		};
/* End PBXNativeTarget section */

/* Begin PBXProject section */
		69DC0E0D269D904100F4F542 /* Project object */ = {
			isa = PBXProject;
			attributes = {
				LastSwiftUpdateCheck = 1250;
				LastUpgradeCheck = 1250;
				TargetAttributes = {
					69DC0E14269D904100F4F542 = {
						CreatedOnToolsVersion = 12.5.1;
					};
				};
			};
			buildConfigurationList = 69DC0E10269D904100F4F542 /* Build configuration list for PBXProject "Messenger" */;
			compatibilityVersion = "Xcode 9.3";
			developmentRegion = en;
			hasScannedForEncodings = 0;
			knownRegions = (
				en,
				Base,
			);
			mainGroup = 69DC0E0C269D904100F4F542;
			productRefGroup = 69DC0E16269D904100F4F542 /* Products */;
			projectDirPath = "";
			projectRoot = "";
			targets = (
				69DC0E14269D904100F4F542 /* Messenger */,
			);
		};
/* End PBXProject section */

/* Begin PBXResourcesBuildPhase section */
		69DC0E13269D904100F4F542 /* Resources */ = {
			isa = PBXResourcesBuildPhase;
			buildActionMask = 2147483647;
			files = (
				69DC0E25269D904500F4F542 /* LaunchScreen.storyboard in Resources */,
				69DC0E22269D904500F4F542 /* Assets.xcassets in Resources */,
				69DC0E42269E1CD600F4F542 /* GoogleService-Info.plist in Resources */,
				69DC0E20269D904100F4F542 /* Main.storyboard in Resources */,
			);
			runOnlyForDeploymentPostprocessing = 0;
		};
/* End PBXResourcesBuildPhase section */

/* Begin PBXShellScriptBuildPhase section */
		ABA517C5B032A37842E26F99 /* [CP] Check Pods Manifest.lock */ = {
			isa = PBXShellScriptBuildPhase;
			buildActionMask = 2147483647;
			files = (
			);
			inputFileListPaths = (
			);
			inputPaths = (
				"${PODS_PODFILE_DIR_PATH}/Podfile.lock",
				"${PODS_ROOT}/Manifest.lock",
			);
			name = "[CP] Check Pods Manifest.lock";
			outputFileListPaths = (
			);
			outputPaths = (
				"$(DERIVED_FILE_DIR)/Pods-Messenger-checkManifestLockResult.txt",
			);
			runOnlyForDeploymentPostprocessing = 0;
			shellPath = /bin/sh;
			shellScript = "diff \"${PODS_PODFILE_DIR_PATH}/Podfile.lock\" \"${PODS_ROOT}/Manifest.lock\" > /dev/null\nif [ $? != 0 ] ; then\n    # print error to STDERR\n    echo \"error: The sandbox is not in sync with the Podfile.lock. Run 'pod install' or update your CocoaPods installation.\" >&2\n    exit 1\nfi\n# This output is used by Xcode 'outputs' to avoid re-running this script phase.\necho \"SUCCESS\" > \"${SCRIPT_OUTPUT_FILE_0}\"\n";
			showEnvVarsInLog = 0;
		};
/* End PBXShellScriptBuildPhase section */

/* Begin PBXSourcesBuildPhase section */
		69DC0E11269D904100F4F542 /* Sources */ = {
			isa = PBXSourcesBuildPhase;
			buildActionMask = 2147483647;
			files = (
				69DC0E33269D944100F4F542 /* LoginViewController.swift in Sources */,
				69DC0E44269ED19300F4F542 /* DatabaseManager.swift in Sources */,
				69DC0E35269D945D00F4F542 /* RegisterViewController.swift in Sources */,
				69DC0E3B269D966300F4F542 /* NewConversationViewController.swift in Sources */,
				69DC0E1D269D904100F4F542 /* ConversationsViewController.swift in Sources */,
				69DC0E39269D963100F4F542 /* VideoPlayerViewController.swift in Sources */,
				69DC0E40269DA63300F4F542 /* Extensions.swift in Sources */,
				69DC0E19269D904100F4F542 /* AppDelegate.swift in Sources */,
				69DC0E3D269D968A00F4F542 /* ProfileViewController.swift in Sources */,
				69DC0E1B269D904100F4F542 /* SceneDelegate.swift in Sources */,
				69DC0E37269D962900F4F542 /* PhotoViewerViewController.swift in Sources */,
			);
			runOnlyForDeploymentPostprocessing = 0;
		};
/* End PBXSourcesBuildPhase section */

/* Begin PBXVariantGroup section */
		69DC0E1E269D904100F4F542 /* Main.storyboard */ = {
			isa = PBXVariantGroup;
			children = (
				69DC0E1F269D904100F4F542 /* Base */,
			);
			name = Main.storyboard;
			sourceTree = "<group>";
		};
		69DC0E23269D904500F4F542 /* LaunchScreen.storyboard */ = {
			isa = PBXVariantGroup;
			children = (
				69DC0E24269D904500F4F542 /* Base */,
			);
			name = LaunchScreen.storyboard;
			sourceTree = "<group>";
		};
/* End PBXVariantGroup section */

/* Begin XCBuildConfiguration section */
		69DC0E27269D904500F4F542 /* Debug */ = {
			isa = XCBuildConfiguration;
			buildSettings = {
				ALWAYS_SEARCH_USER_PATHS = NO;
				CLANG_ANALYZER_NONNULL = YES;
				CLANG_ANALYZER_NUMBER_OBJECT_CONVERSION = YES_AGGRESSIVE;
				CLANG_CXX_LANGUAGE_STANDARD = "gnu++14";
				CLANG_CXX_LIBRARY = "libc++";
				CLANG_ENABLE_MODULES = YES;
				CLANG_ENABLE_OBJC_ARC = YES;
				CLANG_ENABLE_OBJC_WEAK = YES;
				CLANG_WARN_BLOCK_CAPTURE_AUTORELEASING = YES;
				CLANG_WARN_BOOL_CONVERSION = YES;
				CLANG_WARN_COMMA = YES;
				CLANG_WARN_CONSTANT_CONVERSION = YES;
				CLANG_WARN_DEPRECATED_OBJC_IMPLEMENTATIONS = YES;
				CLANG_WARN_DIRECT_OBJC_ISA_USAGE = YES_ERROR;
				CLANG_WARN_DOCUMENTATION_COMMENTS = YES;
				CLANG_WARN_EMPTY_BODY = YES;
				CLANG_WARN_ENUM_CONVERSION = YES;
				CLANG_WARN_INFINITE_RECURSION = YES;
				CLANG_WARN_INT_CONVERSION = YES;
				CLANG_WARN_NON_LITERAL_NULL_CONVERSION = YES;
				CLANG_WARN_OBJC_IMPLICIT_RETAIN_SELF = YES;
				CLANG_WARN_OBJC_LITERAL_CONVERSION = YES;
				CLANG_WARN_OBJC_ROOT_CLASS = YES_ERROR;
				CLANG_WARN_QUOTED_INCLUDE_IN_FRAMEWORK_HEADER = YES;
				CLANG_WARN_RANGE_LOOP_ANALYSIS = YES;
				CLANG_WARN_STRICT_PROTOTYPES = YES;
				CLANG_WARN_SUSPICIOUS_MOVE = YES;
				CLANG_WARN_UNGUARDED_AVAILABILITY = YES_AGGRESSIVE;
				CLANG_WARN_UNREACHABLE_CODE = YES;
				CLANG_WARN__DUPLICATE_METHOD_MATCH = YES;
				COPY_PHASE_STRIP = NO;
				DEBUG_INFORMATION_FORMAT = dwarf;
				ENABLE_STRICT_OBJC_MSGSEND = YES;
				ENABLE_TESTABILITY = YES;
				GCC_C_LANGUAGE_STANDARD = gnu11;
				GCC_DYNAMIC_NO_PIC = NO;
				GCC_NO_COMMON_BLOCKS = YES;
				GCC_OPTIMIZATION_LEVEL = 0;
				GCC_PREPROCESSOR_DEFINITIONS = (
					"DEBUG=1",
					"$(inherited)",
				);
				GCC_WARN_64_TO_32_BIT_CONVERSION = YES;
				GCC_WARN_ABOUT_RETURN_TYPE = YES_ERROR;
				GCC_WARN_UNDECLARED_SELECTOR = YES;
				GCC_WARN_UNINITIALIZED_AUTOS = YES_AGGRESSIVE;
				GCC_WARN_UNUSED_FUNCTION = YES;
				GCC_WARN_UNUSED_VARIABLE = YES;
				IPHONEOS_DEPLOYMENT_TARGET = 14.5;
				MTL_ENABLE_DEBUG_INFO = INCLUDE_SOURCE;
				MTL_FAST_MATH = YES;
				ONLY_ACTIVE_ARCH = YES;
				SDKROOT = iphoneos;
				SWIFT_ACTIVE_COMPILATION_CONDITIONS = DEBUG;
				SWIFT_OPTIMIZATION_LEVEL = "-Onone";
			};
			name = Debug;
		};
		69DC0E28269D904500F4F542 /* Release */ = {
			isa = XCBuildConfiguration;
			buildSettings = {
				ALWAYS_SEARCH_USER_PATHS = NO;
				CLANG_ANALYZER_NONNULL = YES;
				CLANG_ANALYZER_NUMBER_OBJECT_CONVERSION = YES_AGGRESSIVE;
				CLANG_CXX_LANGUAGE_STANDARD = "gnu++14";
				CLANG_CXX_LIBRARY = "libc++";
				CLANG_ENABLE_MODULES = YES;
				CLANG_ENABLE_OBJC_ARC = YES;
				CLANG_ENABLE_OBJC_WEAK = YES;
				CLANG_WARN_BLOCK_CAPTURE_AUTORELEASING = YES;
				CLANG_WARN_BOOL_CONVERSION = YES;
				CLANG_WARN_COMMA = YES;
				CLANG_WARN_CONSTANT_CONVERSION = YES;
				CLANG_WARN_DEPRECATED_OBJC_IMPLEMENTATIONS = YES;
				CLANG_WARN_DIRECT_OBJC_ISA_USAGE = YES_ERROR;
				CLANG_WARN_DOCUMENTATION_COMMENTS = YES;
				CLANG_WARN_EMPTY_BODY = YES;
				CLANG_WARN_ENUM_CONVERSION = YES;
				CLANG_WARN_INFINITE_RECURSION = YES;
				CLANG_WARN_INT_CONVERSION = YES;
				CLANG_WARN_NON_LITERAL_NULL_CONVERSION = YES;
				CLANG_WARN_OBJC_IMPLICIT_RETAIN_SELF = YES;
				CLANG_WARN_OBJC_LITERAL_CONVERSION = YES;
				CLANG_WARN_OBJC_ROOT_CLASS = YES_ERROR;
				CLANG_WARN_QUOTED_INCLUDE_IN_FRAMEWORK_HEADER = YES;
				CLANG_WARN_RANGE_LOOP_ANALYSIS = YES;
				CLANG_WARN_STRICT_PROTOTYPES = YES;
				CLANG_WARN_SUSPICIOUS_MOVE = YES;
				CLANG_WARN_UNGUARDED_AVAILABILITY = YES_AGGRESSIVE;
				CLANG_WARN_UNREACHABLE_CODE = YES;
				CLANG_WARN__DUPLICATE_METHOD_MATCH = YES;
				COPY_PHASE_STRIP = NO;
				DEBUG_INFORMATION_FORMAT = "dwarf-with-dsym";
				ENABLE_NS_ASSERTIONS = NO;
				ENABLE_STRICT_OBJC_MSGSEND = YES;
				GCC_C_LANGUAGE_STANDARD = gnu11;
				GCC_NO_COMMON_BLOCKS = YES;
				GCC_WARN_64_TO_32_BIT_CONVERSION = YES;
				GCC_WARN_ABOUT_RETURN_TYPE = YES_ERROR;
				GCC_WARN_UNDECLARED_SELECTOR = YES;
				GCC_WARN_UNINITIALIZED_AUTOS = YES_AGGRESSIVE;
				GCC_WARN_UNUSED_FUNCTION = YES;
				GCC_WARN_UNUSED_VARIABLE = YES;
				IPHONEOS_DEPLOYMENT_TARGET = 14.5;
				MTL_ENABLE_DEBUG_INFO = NO;
				MTL_FAST_MATH = YES;
				SDKROOT = iphoneos;
				SWIFT_COMPILATION_MODE = wholemodule;
				SWIFT_OPTIMIZATION_LEVEL = "-O";
				VALIDATE_PRODUCT = YES;
			};
			name = Release;
		};
		69DC0E2A269D904500F4F542 /* Debug */ = {
			isa = XCBuildConfiguration;
			baseConfigurationReference = 6A3C82D35838B6E563F46FE4 /* Pods-Messenger.debug.xcconfig */;
			buildSettings = {
				ASSETCATALOG_COMPILER_APPICON_NAME = AppIcon;
				ASSETCATALOG_COMPILER_GLOBAL_ACCENT_COLOR_NAME = AccentColor;
				CODE_SIGN_STYLE = Automatic;
				INFOPLIST_FILE = Messenger/Controllers/Info.plist;
				LD_RUNPATH_SEARCH_PATHS = (
					"$(inherited)",
					"@executable_path/Frameworks",
				);
				PRODUCT_BUNDLE_IDENTIFIER = dev.Avdeychik.Messenger;
				PRODUCT_NAME = "$(TARGET_NAME)";
				SWIFT_VERSION = 5.0;
				TARGETED_DEVICE_FAMILY = "1,2";
			};
			name = Debug;
		};
		69DC0E2B269D904500F4F542 /* Release */ = {
			isa = XCBuildConfiguration;
			baseConfigurationReference = 6ECF8E93DE49FC0AC9701016 /* Pods-Messenger.release.xcconfig */;
			buildSettings = {
				ASSETCATALOG_COMPILER_APPICON_NAME = AppIcon;
				ASSETCATALOG_COMPILER_GLOBAL_ACCENT_COLOR_NAME = AccentColor;
				CODE_SIGN_STYLE = Automatic;
				INFOPLIST_FILE = Messenger/Controllers/Info.plist;
				LD_RUNPATH_SEARCH_PATHS = (
					"$(inherited)",
					"@executable_path/Frameworks",
				);
				PRODUCT_BUNDLE_IDENTIFIER = dev.Avdeychik.Messenger;
				PRODUCT_NAME = "$(TARGET_NAME)";
				SWIFT_VERSION = 5.0;
				TARGETED_DEVICE_FAMILY = "1,2";
			};
			name = Release;
		};
/* End XCBuildConfiguration section */

/* Begin XCConfigurationList section */
		69DC0E10269D904100F4F542 /* Build configuration list for PBXProject "Messenger" */ = {
			isa = XCConfigurationList;
			buildConfigurations = (
				69DC0E27269D904500F4F542 /* Debug */,
				69DC0E28269D904500F4F542 /* Release */,
			);
			defaultConfigurationIsVisible = 0;
			defaultConfigurationName = Release;
		};
		69DC0E29269D904500F4F542 /* Build configuration list for PBXNativeTarget "Messenger" */ = {
			isa = XCConfigurationList;
			buildConfigurations = (
				69DC0E2A269D904500F4F542 /* Debug */,
				69DC0E2B269D904500F4F542 /* Release */,
			);
			defaultConfigurationIsVisible = 0;
			defaultConfigurationName = Release;
		};
/* End XCConfigurationList section */
	};
	rootObject = 69DC0E0D269D904100F4F542 /* Project object */;
}
